
Microsoft Visual Studio Solution File, Format Version 12.00
# Visual Studio Version 17
VisualStudioVersion = 17.5.33209.295
MinimumVisualStudioVersion = 10.0.40219.1
Project("{9A19103F-16F7-4668-BE54-9A1E7A4F7556}") = "LoggingExample.Business", "LoggingExample.Business\LoggingExample.Business.csproj", "{B111D32B-0E0C-4226-B9C1-2A746CD88097}"
EndProject
Project("{9A19103F-16F7-4668-BE54-9A1E7A4F7556}") = "LoggingExample.ConsoleApp", "LoggingExample.ConsoleApp\LoggingExample.ConsoleApp.csproj", "{A5EF7667-49C0-46CA-B137-FEF940035002}"
EndProject
Project("{9A19103F-16F7-4668-BE54-9A1E7A4F7556}") = "LoggingExample.Domain", "LoggingExample.Domain\LoggingExample.Domain.csproj", "{3C44E810-E6ED-4F4D-8A06-0D9149F9F181}"
EndProject
Global
	GlobalSection(SolutionConfigurationPlatforms) = preSolution
		Debug|Any CPU = Debug|Any CPU
		Release|Any CPU = Release|Any CPU
	EndGlobalSection
	GlobalSection(ProjectConfigurationPlatforms) = postSolution
		{B111D32B-0E0C-4226-B9C1-2A746CD88097}.Debug|Any CPU.ActiveCfg = Debug|Any CPU
		{B111D32B-0E0C-4226-B9C1-2A746CD88097}.Debug|Any CPU.Build.0 = Debug|Any CPU
		{B111D32B-0E0C-4226-B9C1-2A746CD88097}.Release|Any CPU.ActiveCfg = Release|Any CPU
		{B111D32B-0E0C-4226-B9C1-2A746CD88097}.Release|Any CPU.Build.0 = Release|Any CPU
		{A5EF7667-49C0-46CA-B137-FEF940035002}.Debug|Any CPU.ActiveCfg = Debug|Any CPU
		{A5EF7667-49C0-46CA-B137-FEF940035002}.Debug|Any CPU.Build.0 = Debug|Any CPU
		{A5EF7667-49C0-46CA-B137-FEF940035002}.Release|Any CPU.ActiveCfg = Release|Any CPU
		{A5EF7667-49C0-46CA-B137-FEF940035002}.Release|Any CPU.Build.0 = Release|Any CPU
		{3C44E810-E6ED-4F4D-8A06-0D9149F9F181}.Debug|Any CPU.ActiveCfg = Debug|Any CPU
		{3C44E810-E6ED-4F4D-8A06-0D9149F9F181}.Debug|Any CPU.Build.0 = Debug|Any CPU
		{3C44E810-E6ED-4F4D-8A06-0D9149F9F181}.Release|Any CPU.ActiveCfg = Release|Any CPU
		{3C44E810-E6ED-4F4D-8A06-0D9149F9F181}.Release|Any CPU.Build.0 = Release|Any CPU
	EndGlobalSection
	GlobalSection(SolutionProperties) = preSolution
		HideSolutionNode = FALSE
	EndGlobalSection
	GlobalSection(ExtensibilityGlobals) = postSolution
		SolutionGuid = {6FD7BCB1-C131-4459-8BBC-DCA966F9ECAC}
	EndGlobalSection
EndGlobal
